
Microsoft Visual Studio Solution File, Format Version 12.00
# Visual Studio Version 16
VisualStudioVersion = 16.0.34114.132
MinimumVisualStudioVersion = 10.0.40219.1
Project("{FAE04EC0-301F-11D3-BF4B-00C04F79EFBC}") = "LambdaExpressions", "LambdaExpressions\LambdaExpressions.csproj", "{45087CFB-AA2B-43ED-93C6-B2C5C990E15B}"
EndProject
Global
	GlobalSection(SolutionConfigurationPlatforms) = preSolution
		Debug|Any CPU = Debug|Any CPU
		Release|Any CPU = Release|Any CPU
	EndGlobalSection
	GlobalSection(ProjectConfigurationPlatforms) = postSolution
		{45087CFB-AA2B-43ED-93C6-B2C5C990E15B}.Debug|Any CPU.ActiveCfg = Debug|Any CPU
		{45087CFB-AA2B-43ED-93C6-B2C5C990E15B}.Debug|Any CPU.Build.0 = Debug|Any CPU
		{45087CFB-AA2B-43ED-93C6-B2C5C990E15B}.Release|Any CPU.ActiveCfg = Release|Any CPU
		{45087CFB-AA2B-43ED-93C6-B2C5C990E15B}.Release|Any CPU.Build.0 = Release|Any CPU
	EndGlobalSection
	GlobalSection(SolutionProperties) = preSolution
		HideSolutionNode = FALSE
	EndGlobalSection
	GlobalSection(ExtensibilityGlobals) = postSolution
		SolutionGuid = {0C377E14-437E-47D4-8480-C3C0A284B3F1}
	EndGlobalSection
EndGlobal
