
Microsoft Visual Studio Solution File, Format Version 12.00
# Visual Studio Version 16
VisualStudioVersion = 16.0.34114.132
MinimumVisualStudioVersion = 10.0.40219.1
Project("{FAE04EC0-301F-11D3-BF4B-00C04F79EFBC}") = "CallingMethods", "CallingMethods\CallingMethods.csproj", "{9FA863FF-0E9F-4BF5-91FA-4EA31240434D}"
EndProject
Global
	GlobalSection(SolutionConfigurationPlatforms) = preSolution
		Debug|Any CPU = Debug|Any CPU
		Release|Any CPU = Release|Any CPU
	EndGlobalSection
	GlobalSection(ProjectConfigurationPlatforms) = postSolution
		{9FA863FF-0E9F-4BF5-91FA-4EA31240434D}.Debug|Any CPU.ActiveCfg = Debug|Any CPU
		{9FA863FF-0E9F-4BF5-91FA-4EA31240434D}.Debug|Any CPU.Build.0 = Debug|Any CPU
		{9FA863FF-0E9F-4BF5-91FA-4EA31240434D}.Release|Any CPU.ActiveCfg = Release|Any CPU
		{9FA863FF-0E9F-4BF5-91FA-4EA31240434D}.Release|Any CPU.Build.0 = Release|Any CPU
	EndGlobalSection
	GlobalSection(SolutionProperties) = preSolution
		HideSolutionNode = FALSE
	EndGlobalSection
	GlobalSection(ExtensibilityGlobals) = postSolution
		SolutionGuid = {ED1D18B5-3E39-4625-B43D-13C951FA5E74}
	EndGlobalSection
EndGlobal
