
Microsoft Visual Studio Solution File, Format Version 12.00
# Visual Studio Version 16
VisualStudioVersion = 16.0.34114.132
MinimumVisualStudioVersion = 10.0.40219.1
Project("{FAE04EC0-301F-11D3-BF4B-00C04F79EFBC}") = "DateTime", "DateTime\DateTime.csproj", "{328EE457-09BC-46C2-95FE-5C56A4C383DE}"
EndProject
Global
	GlobalSection(SolutionConfigurationPlatforms) = preSolution
		Debug|Any CPU = Debug|Any CPU
		Release|Any CPU = Release|Any CPU
	EndGlobalSection
	GlobalSection(ProjectConfigurationPlatforms) = postSolution
		{328EE457-09BC-46C2-95FE-5C56A4C383DE}.Debug|Any CPU.ActiveCfg = Debug|Any CPU
		{328EE457-09BC-46C2-95FE-5C56A4C383DE}.Debug|Any CPU.Build.0 = Debug|Any CPU
		{328EE457-09BC-46C2-95FE-5C56A4C383DE}.Release|Any CPU.ActiveCfg = Release|Any CPU
		{328EE457-09BC-46C2-95FE-5C56A4C383DE}.Release|Any CPU.Build.0 = Release|Any CPU
	EndGlobalSection
	GlobalSection(SolutionProperties) = preSolution
		HideSolutionNode = FALSE
	EndGlobalSection
	GlobalSection(ExtensibilityGlobals) = postSolution
		SolutionGuid = {F97AB1FA-4843-48B6-A0B2-D35FF98B8B80}
	EndGlobalSection
EndGlobal
