
Microsoft Visual Studio Solution File, Format Version 12.00
# Visual Studio Version 16
VisualStudioVersion = 16.0.34114.132
MinimumVisualStudioVersion = 10.0.40219.1
Project("{FAE04EC0-301F-11D3-BF4B-00C04F79EFBC}") = "Branching", "Branching\Branching.csproj", "{71E28A50-F7C5-488B-906C-A742E7B3C699}"
EndProject
Global
	GlobalSection(SolutionConfigurationPlatforms) = preSolution
		Debug|Any CPU = Debug|Any CPU
		Release|Any CPU = Release|Any CPU
	EndGlobalSection
	GlobalSection(ProjectConfigurationPlatforms) = postSolution
		{71E28A50-F7C5-488B-906C-A742E7B3C699}.Debug|Any CPU.ActiveCfg = Debug|Any CPU
		{71E28A50-F7C5-488B-906C-A742E7B3C699}.Debug|Any CPU.Build.0 = Debug|Any CPU
		{71E28A50-F7C5-488B-906C-A742E7B3C699}.Release|Any CPU.ActiveCfg = Release|Any CPU
		{71E28A50-F7C5-488B-906C-A742E7B3C699}.Release|Any CPU.Build.0 = Release|Any CPU
	EndGlobalSection
	GlobalSection(SolutionProperties) = preSolution
		HideSolutionNode = FALSE
	EndGlobalSection
	GlobalSection(ExtensibilityGlobals) = postSolution
		SolutionGuid = {FD7000F0-C8A0-422D-BAE9-6244409774C9}
	EndGlobalSection
EndGlobal
